
Microsoft Visual Studio Solution File, Format Version 12.00
# Visual Studio Version 17
VisualStudioVersion = 17.2.32526.322
MinimumVisualStudioVersion = 10.0.40219.1
Project("{FAE04EC0-301F-11D3-BF4B-00C04F79EFBC}") = "SMU's Dungeon_HV", "SMU's Dungeon_HV\SMU's Dungeon_HV.csproj", "{B25B6D6D-98DD-454B-BAE9-B5DF90F4F677}"
EndProject
Global
	GlobalSection(SolutionConfigurationPlatforms) = preSolution
		Debug|Any CPU = Debug|Any CPU
		Release|Any CPU = Release|Any CPU
	EndGlobalSection
	GlobalSection(ProjectConfigurationPlatforms) = postSolution
		{B25B6D6D-98DD-454B-BAE9-B5DF90F4F677}.Debug|Any CPU.ActiveCfg = Debug|Any CPU
		{B25B6D6D-98DD-454B-BAE9-B5DF90F4F677}.Debug|Any CPU.Build.0 = Debug|Any CPU
		{B25B6D6D-98DD-454B-BAE9-B5DF90F4F677}.Release|Any CPU.ActiveCfg = Release|Any CPU
		{B25B6D6D-98DD-454B-BAE9-B5DF90F4F677}.Release|Any CPU.Build.0 = Release|Any CPU
	EndGlobalSection
	GlobalSection(SolutionProperties) = preSolution
		HideSolutionNode = FALSE
	EndGlobalSection
	GlobalSection(ExtensibilityGlobals) = postSolution
		SolutionGuid = {BFAD00E9-656E-4DD7-BBB1-CB5798EF0093}
	EndGlobalSection
EndGlobal
